<?xml version="1.0" encoding="utf-8"?>
<Project ToolsVersion="4.0" xmlns="http://schemas.microsoft.com/developer/msbuild/2003">
  <ItemGroup>
    <Filter Include="源文件">
      <UniqueIdentifier>{4FC737F1-C7A5-4376-A066-2A32D752A2FF}</UniqueIdentifier>
      <Extensions>cpp;c;cc;cxx;c++;cppm;ixx;def;odl;idl;hpj;bat;asm;asmx</Extensions>
    </Filter>
    <Filter Include="头文件">
      <UniqueIdentifier>{93995380-89BD-4b04-88EB-625FBE52EBFB}</UniqueIdentifier>
      <Extensions>h;hh;hpp;hxx;h++;hm;inl;inc;ipp;xsd</Extensions>
    </Filter>
    <Filter Include="资源文件">
      <UniqueIdentifier>{67DA6AB6-F800-4c08-8B7A-83BB121AAD01}</UniqueIdentifier>
      <Extensions>rc;ico;cur;bmp;dlg;rc2;rct;bin;rgs;gif;jpg;jpeg;jpe;resx;tiff;tif;png;wav;mfcribbon-ms</Extensions>
    </Filter>
  </ItemGroup>
  <ItemGroup>
    <ClCompile Include="AudPLC.cpp">
      <Filter>源文件</Filter>
    </ClCompile>
    <ClCompile Include="base\zero_memory.cc">
      <Filter>源文件</Filter>
    </ClCompile>
    <ClCompile Include="base\time_utils.cc">
      <Filter>源文件</Filter>
    </ClCompile>
    <ClCompile Include="base\channel_layout.cc">
      <Filter>源文件</Filter>
    </ClCompile>
    <ClCompile Include="base\audio_frame.cc">
      <Filter>源文件</Filter>
    </ClCompile>
    <ClCompile Include="common_audio\signal_processing\auto_corr_to_refl_coef.c">
      <Filter>源文件</Filter>
    </ClCompile>
    <ClCompile Include="common_audio\signal_processing\auto_correlation.c">
      <Filter>源文件</Filter>
    </ClCompile>
    <ClCompile Include="common_audio\signal_processing\complex_bit_reverse.c">
      <Filter>源文件</Filter>
    </ClCompile>
    <ClCompile Include="common_audio\signal_processing\complex_fft.c">
      <Filter>源文件</Filter>
    </ClCompile>
    <ClCompile Include="common_audio\signal_processing\copy_set_operations.c">
      <Filter>源文件</Filter>
    </ClCompile>
    <ClCompile Include="common_audio\signal_processing\division_operations.c">
      <Filter>源文件</Filter>
    </ClCompile>
    <ClCompile Include="common_audio\signal_processing\downsample_fast.c">
      <Filter>源文件</Filter>
    </ClCompile>
    <ClCompile Include="common_audio\signal_processing\energy.c">
      <Filter>源文件</Filter>
    </ClCompile>
    <ClCompile Include="common_audio\signal_processing\filter_ar.c">
      <Filter>源文件</Filter>
    </ClCompile>
    <ClCompile Include="common_audio\signal_processing\filter_ar_fast_q12.c">
      <Filter>源文件</Filter>
    </ClCompile>
    <ClCompile Include="common_audio\signal_processing\filter_ma_fast_q12.c">
      <Filter>源文件</Filter>
    </ClCompile>
    <ClCompile Include="common_audio\signal_processing\get_hanning_window.c">
      <Filter>源文件</Filter>
    </ClCompile>
    <ClCompile Include="common_audio\signal_processing\get_scaling_square.c">
      <Filter>源文件</Filter>
    </ClCompile>
    <ClCompile Include="common_audio\signal_processing\ilbc_specific_functions.c">
      <Filter>源文件</Filter>
    </ClCompile>
    <ClCompile Include="common_audio\signal_processing\levinson_durbin.c">
      <Filter>源文件</Filter>
    </ClCompile>
    <ClCompile Include="common_audio\signal_processing\lpc_to_refl_coef.c">
      <Filter>源文件</Filter>
    </ClCompile>
    <ClCompile Include="common_audio\signal_processing\min_max_operations.c">
      <Filter>源文件</Filter>
    </ClCompile>
    <ClCompile Include="common_audio\signal_processing\randomization_functions.c">
      <Filter>源文件</Filter>
    </ClCompile>
    <ClCompile Include="common_audio\signal_processing\real_fft.c">
      <Filter>源文件</Filter>
    </ClCompile>
    <ClCompile Include="common_audio\signal_processing\refl_coef_to_lpc.c">
      <Filter>源文件</Filter>
    </ClCompile>
    <ClCompile Include="common_audio\signal_processing\resample.c">
      <Filter>源文件</Filter>
    </ClCompile>
    <ClCompile Include="common_audio\signal_processing\resample_48khz.c">
      <Filter>源文件</Filter>
    </ClCompile>
    <ClCompile Include="common_audio\signal_processing\resample_by_2.c">
      <Filter>源文件</Filter>
    </ClCompile>
    <ClCompile Include="common_audio\signal_processing\resample_by_2_internal.c">
      <Filter>源文件</Filter>
    </ClCompile>
    <ClCompile Include="common_audio\signal_processing\resample_fractional.c">
      <Filter>源文件</Filter>
    </ClCompile>
    <ClCompile Include="common_audio\signal_processing\spl_init.c">
      <Filter>源文件</Filter>
    </ClCompile>
    <ClCompile Include="common_audio\signal_processing\spl_inl.c">
      <Filter>源文件</Filter>
    </ClCompile>
    <ClCompile Include="common_audio\signal_processing\spl_sqrt.c">
      <Filter>源文件</Filter>
    </ClCompile>
    <ClCompile Include="common_audio\signal_processing\splitting_filter.c">
      <Filter>源文件</Filter>
    </ClCompile>
    <ClCompile Include="common_audio\signal_processing\sqrt_of_one_minus_x_squared.c">
      <Filter>源文件</Filter>
    </ClCompile>
    <ClCompile Include="common_audio\signal_processing\vector_scaling_operations.c">
      <Filter>源文件</Filter>
    </ClCompile>
    <ClCompile Include="common_audio\signal_processing\dot_product_with_scale.cc">
      <Filter>源文件</Filter>
    </ClCompile>
    <ClCompile Include="common_audio\vad\vad_core.c">
      <Filter>源文件</Filter>
    </ClCompile>
    <ClCompile Include="common_audio\vad\vad_filterbank.c">
      <Filter>源文件</Filter>
    </ClCompile>
    <ClCompile Include="common_audio\vad\vad_gmm.c">
      <Filter>源文件</Filter>
    </ClCompile>
    <ClCompile Include="common_audio\vad\vad_sp.c">
      <Filter>源文件</Filter>
    </ClCompile>
    <ClCompile Include="common_audio\vad\webrtc_vad.c">
      <Filter>源文件</Filter>
    </ClCompile>
    <ClCompile Include="common_audio\vad\vad.cc">
      <Filter>源文件</Filter>
    </ClCompile>
    <ClCompile Include="common_audio\third_party\fft4g\fft4g.c">
      <Filter>源文件</Filter>
    </ClCompile>
    <ClCompile Include="common_audio\third_party\spl_sqrt_floor\spl_sqrt_floor.c">
      <Filter>源文件</Filter>
    </ClCompile>
    <ClCompile Include="neteq\audio_multi_vector.cc">
      <Filter>源文件</Filter>
    </ClCompile>
    <ClCompile Include="neteq\audio_vector.cc">
      <Filter>源文件</Filter>
    </ClCompile>
    <ClCompile Include="neteq\background_noise.cc">
      <Filter>源文件</Filter>
    </ClCompile>
    <ClCompile Include="neteq\cross_correlation.cc">
      <Filter>源文件</Filter>
    </ClCompile>
    <ClCompile Include="neteq\dsp_helper.cc">
      <Filter>源文件</Filter>
    </ClCompile>
    <ClCompile Include="neteq\expand.cc">
      <Filter>源文件</Filter>
    </ClCompile>
    <ClCompile Include="neteq\merge.cc">
      <Filter>源文件</Filter>
    </ClCompile>
    <ClCompile Include="neteq\post_decode_vad.cc">
      <Filter>源文件</Filter>
    </ClCompile>
    <ClCompile Include="neteq\random_vector.cc">
      <Filter>源文件</Filter>
    </ClCompile>
    <ClCompile Include="neteq\sync_buffer.cc">
      <Filter>源文件</Filter>
    </ClCompile>
    <ClCompile Include="common_audio\signal_processing\cross_correlation_x86.c">
      <Filter>源文件</Filter>
    </ClCompile>
  </ItemGroup>
</Project>